# THIS IS AN AUTOGENERATED FILE. DO NOT EDIT THIS FILE DIRECTLY.
# yarn lockfile v1


"@babel/runtime@^7.24.0":
  version "7.24.4"
  resolved "https://registry.yarnpkg.com/@babel/runtime/-/runtime-7.24.4.tgz#de795accd698007a66ba44add6cc86542aff1edd"
  integrity sha512-dkxf7+hn8mFBwKjs9bvBlArzLVxVbS8usaPUDd5p2a9JCL9tB8OaOVN1isD4+Xyk4ns89/xeOmbQvgdK7IIVdA==
  dependencies:
    regenerator-runtime "^0.14.0"

clsx@^2.1.0:
  version "2.1.0"
  resolved "https://registry.yarnpkg.com/clsx/-/clsx-2.1.0.tgz#e851283bcb5c80ee7608db18487433f7b23f77cb"
  integrity sha512-m3iNNWpd9rl3jvvcBnu70ylMdrXt8Vlq4HYadnU5fwcOtvkSQWPmj7amUcDT2qYI7risszBjI5AUIUox9D16pg==

framer-motion@^11.0.28:
  version "11.0.28"
  resolved "https://registry.yarnpkg.com/framer-motion/-/framer-motion-11.0.28.tgz#b55a61d12c61a3a9e89084a1ff006b20e367436a"
  integrity sha512-j/vNYTCH5MX5sY/3dwMs00z1+qAqKX3iIHF762bwqlU814ooD5dDbuj3pA0LmIT5YqyryCkXEb/q+zRblin0lw==
  dependencies:
    tslib "^2.4.0"

regenerator-runtime@^0.14.0:
  version "0.14.1"
  resolved "https://registry.yarnpkg.com/regenerator-runtime/-/regenerator-runtime-0.14.1.tgz#356ade10263f685dda125100cd862c1db895327f"
  integrity sha512-dYnhHh0nJoMfnkZs6GmmhFknAGRrLznOu5nc9ML+EJxGvrx6H7teuevqVqCuPcPK//3eDrrjQhehXVx9cnkGdw==

tailwind-merge@^2.2.2:
  version "2.2.2"
  resolved "https://registry.yarnpkg.com/tailwind-merge/-/tailwind-merge-2.2.2.tgz#87341e7604f0e20499939e152cd2841f41f7a3df"
  integrity sha512-tWANXsnmJzgw6mQ07nE3aCDkCK4QdT3ThPMCzawoYA2Pws7vSTCvz3Vrjg61jVUGfFZPJzxEP+NimbcW+EdaDw==
  dependencies:
    "@babel/runtime" "^7.24.0"

tslib@^2.4.0:
  version "2.6.2"
  resolved "https://registry.yarnpkg.com/tslib/-/tslib-2.6.2.tgz#703ac29425e7b37cd6fd456e92404d46d1f3e4ae"
  integrity sha512-AEYxH93jGFPn/a2iVAwW87VuUIkR1FVUKB77NwMF7nBTDkDrrT/Hpt/IrCJ0QXhW27jTBDcf5ZY7w6RiqTMw2Q==
